
Microsoft Visual Studio Solution File, Format Version 12.00
# Visual Studio 15
VisualStudioVersion = 15.0.28010.2046
MinimumVisualStudioVersion = 10.0.40219.1
Project("{8BC9CEB8-8B4A-11D0-8D11-00A0C91BC942}") = "MazeSolverV3", "MazeSolverV3.vcxproj", "{28338388-9681-4B35-9504-B408B6B5BB7F}"
EndProject
Global
	GlobalSection(SolutionConfigurationPlatforms) = preSolution
		Debug|x64 = Debug|x64
		Debug|x86 = Debug|x86
		Release|x64 = Release|x64
		Release|x86 = Release|x86
	EndGlobalSection
	GlobalSection(ProjectConfigurationPlatforms) = postSolution
		{28338388-9681-4B35-9504-B408B6B5BB7F}.Debug|x64.ActiveCfg = Debug|x64
		{28338388-9681-4B35-9504-B408B6B5BB7F}.Debug|x64.Build.0 = Debug|x64
		{28338388-9681-4B35-9504-B408B6B5BB7F}.Debug|x86.ActiveCfg = Debug|Win32
		{28338388-9681-4B35-9504-B408B6B5BB7F}.Debug|x86.Build.0 = Debug|Win32
		{28338388-9681-4B35-9504-B408B6B5BB7F}.Release|x64.ActiveCfg = Release|x64
		{28338388-9681-4B35-9504-B408B6B5BB7F}.Release|x64.Build.0 = Release|x64
		{28338388-9681-4B35-9504-B408B6B5BB7F}.Release|x86.ActiveCfg = Release|Win32
		{28338388-9681-4B35-9504-B408B6B5BB7F}.Release|x86.Build.0 = Release|Win32
	EndGlobalSection
	GlobalSection(SolutionProperties) = preSolution
		HideSolutionNode = FALSE
	EndGlobalSection
	GlobalSection(ExtensibilityGlobals) = postSolution
		SolutionGuid = {905C7A85-A01F-4C07-98D3-71C0B49DE8F1}
	EndGlobalSection
EndGlobal
